# THIS IS AN AUTOGENERATED FILE. DO NOT EDIT THIS FILE DIRECTLY.
# yarn lockfile v1


"@types/node@^18.7.21":
  version "18.7.21"
  resolved "https://registry.yarnpkg.com/@types/node/-/node-18.7.21.tgz#63ee6688070e456325b6748dc492a7b948593871"
  integrity sha512-rLFzK5bhM0YPyCoTC8bolBjMk7bwnZ8qeZUBslBfjZQou2ssJdWslx9CZ8DGM+Dx7QXQiiTVZ/6QO6kwtHkZCA==
